
Microsoft Visual Studio Solution File, Format Version 12.00
# Visual Studio Version 17
VisualStudioVersion = 17.7.34221.43
MinimumVisualStudioVersion = 10.0.40219.1
Project("{FAE04EC0-301F-11D3-BF4B-00C04F79EFBC}") = "Practice0302", "Practice0302\Practice0302.csproj", "{A9796242-036E-47E0-B7E3-1F277B944650}"
EndProject
Global
	GlobalSection(SolutionConfigurationPlatforms) = preSolution
		Debug|Any CPU = Debug|Any CPU
		Release|Any CPU = Release|Any CPU
	EndGlobalSection
	GlobalSection(ProjectConfigurationPlatforms) = postSolution
		{A9796242-036E-47E0-B7E3-1F277B944650}.Debug|Any CPU.ActiveCfg = Debug|Any CPU
		{A9796242-036E-47E0-B7E3-1F277B944650}.Debug|Any CPU.Build.0 = Debug|Any CPU
		{A9796242-036E-47E0-B7E3-1F277B944650}.Release|Any CPU.ActiveCfg = Release|Any CPU
		{A9796242-036E-47E0-B7E3-1F277B944650}.Release|Any CPU.Build.0 = Release|Any CPU
	EndGlobalSection
	GlobalSection(SolutionProperties) = preSolution
		HideSolutionNode = FALSE
	EndGlobalSection
	GlobalSection(ExtensibilityGlobals) = postSolution
		SolutionGuid = {76812D93-E5B4-4575-9CD1-3A26BFE43AE4}
	EndGlobalSection
EndGlobal
